
Microsoft Visual Studio Solution File, Format Version 12.00
# Visual Studio Version 17
VisualStudioVersion = 17.11.35327.3
MinimumVisualStudioVersion = 10.0.40219.1
Project("{9A19103F-16F7-4668-BE54-9A1E7A4F7556}") = "Proyecto", "Proyecto\Proyecto.csproj", "{69AA8C83-0634-474B-B129-2C339464CFAA}"
EndProject
Global
	GlobalSection(SolutionConfigurationPlatforms) = preSolution
		Debug|Any CPU = Debug|Any CPU
		Release|Any CPU = Release|Any CPU
	EndGlobalSection
	GlobalSection(ProjectConfigurationPlatforms) = postSolution
		{69AA8C83-0634-474B-B129-2C339464CFAA}.Debug|Any CPU.ActiveCfg = Debug|Any CPU
		{69AA8C83-0634-474B-B129-2C339464CFAA}.Debug|Any CPU.Build.0 = Debug|Any CPU
		{69AA8C83-0634-474B-B129-2C339464CFAA}.Debug|Any CPU.Deploy.0 = Debug|Any CPU
		{69AA8C83-0634-474B-B129-2C339464CFAA}.Release|Any CPU.ActiveCfg = Release|Any CPU
		{69AA8C83-0634-474B-B129-2C339464CFAA}.Release|Any CPU.Build.0 = Release|Any CPU
		{69AA8C83-0634-474B-B129-2C339464CFAA}.Release|Any CPU.Deploy.0 = Release|Any CPU
	EndGlobalSection
	GlobalSection(SolutionProperties) = preSolution
		HideSolutionNode = FALSE
	EndGlobalSection
	GlobalSection(ExtensibilityGlobals) = postSolution
		SolutionGuid = {1457448E-3604-4B10-ADD0-9335AFB5EE0F}
	EndGlobalSection
EndGlobal
